# This file is @generated by PDM.
# It is not intended for manual editing.

[metadata]
groups = ["default", "dev"]
strategy = ["inherit_metadata"]
lock_version = "4.5.0"
content_hash = "sha256:0da74f662a724108b01137dd83fa9ff6873dc8f880c4f458e9a7f82829259fe8"

[[metadata.targets]]
requires_python = "==3.13.*"

[[package]]
name = "black"
version = "25.9.0"
requires_python = ">=3.9"
summary = "The uncompromising code formatter."
groups = ["dev"]
dependencies = [
    "click>=8.0.0",
    "mypy-extensions>=0.4.3",
    "packaging>=22.0",
    "pathspec>=0.9.0",
    "platformdirs>=2",
    "pytokens>=0.1.10",
    "tomli>=1.1.0; python_version < \"3.11\"",
    "typing-extensions>=4.0.1; python_version < \"3.11\"",
]
files = [
    {file = "black-25.9.0-cp313-cp313-macosx_10_13_x86_64.whl", hash = "sha256:0172a012f725b792c358d57fe7b6b6e8e67375dd157f64fa7a3097b3ed3e2175"},
    {file = "black-25.9.0-cp313-cp313-macosx_11_0_arm64.whl", hash = "sha256:3bec74ee60f8dfef564b573a96b8930f7b6a538e846123d5ad77ba14a8d7a64f"},
    {file = "black-25.9.0-cp313-cp313-manylinux_2_17_x86_64.manylinux2014_x86_64.manylinux_2_28_x86_64.whl", hash = "sha256:b756fc75871cb1bcac5499552d771822fd9db5a2bb8db2a7247936ca48f39831"},
    {file = "black-25.9.0-cp313-cp313-win_amd64.whl", hash = "sha256:846d58e3ce7879ec1ffe816bb9df6d006cd9590515ed5d17db14e17666b2b357"},
    {file = "black-25.9.0-py3-none-any.whl", hash = "sha256:474b34c1342cdc157d307b56c4c65bce916480c4a8f6551fdc6bf9b486a7c4ae"},
    {file = "black-25.9.0.tar.gz", hash = "sha256:0474bca9a0dd1b51791fcc507a4e02078a1c63f6d4e4ae5544b9848c7adfb619"},
]

[[package]]
name = "click"
version = "8.3.0"
requires_python = ">=3.10"
summary = "Composable command line interface toolkit"
groups = ["dev"]
dependencies = [
    "colorama; platform_system == \"Windows\"",
]
files = [
    {file = "click-8.3.0-py3-none-any.whl", hash = "sha256:9b9f285302c6e3064f4330c05f05b81945b2a39544279343e6e7c5f27a9baddc"},
    {file = "click-8.3.0.tar.gz", hash = "sha256:e7b8232224eba16f4ebe410c25ced9f7875cb5f3263ffc93cc3e8da705e229c4"},
]

[[package]]
name = "colorama"
version = "0.4.6"
requires_python = "!=3.0.*,!=3.1.*,!=3.2.*,!=3.3.*,!=3.4.*,!=3.5.*,!=3.6.*,>=2.7"
summary = "Cross-platform colored terminal text."
groups = ["default", "dev"]
marker = "platform_system == \"Windows\""
files = [
    {file = "colorama-0.4.6-py2.py3-none-any.whl", hash = "sha256:4f1d9991f5acc0ca119f9d443620b77f9d6b33703e51011c16baf57afb285fc6"},
    {file = "colorama-0.4.6.tar.gz", hash = "sha256:08695f5cb7ed6e0531a20572697297273c47b8cae5a63ffc6d6ed5c201be6e44"},
]

[[package]]
name = "filelock"
version = "3.19.1"
requires_python = ">=3.9"
summary = "A platform independent file lock."
groups = ["default"]
files = [
    {file = "filelock-3.19.1-py3-none-any.whl", hash = "sha256:d38e30481def20772f5baf097c122c3babc4fcdb7e14e57049eb9d88c6dc017d"},
    {file = "filelock-3.19.1.tar.gz", hash = "sha256:66eda1888b0171c998b35be2bcc0f6d75c388a7ce20c3f3f37aa8e96c2dddf58"},
]

[[package]]
name = "fsspec"
version = "2025.9.0"
requires_python = ">=3.9"
summary = "File-system specification"
groups = ["default"]
files = [
    {file = "fsspec-2025.9.0-py3-none-any.whl", hash = "sha256:530dc2a2af60a414a832059574df4a6e10cce927f6f4a78209390fe38955cfb7"},
    {file = "fsspec-2025.9.0.tar.gz", hash = "sha256:19fd429483d25d28b65ec68f9f4adc16c17ea2c7c7bf54ec61360d478fb19c19"},
]

[[package]]
name = "imageio"
version = "2.37.0"
requires_python = ">=3.9"
summary = "Library for reading and writing a wide range of image, video, scientific, and volumetric data formats."
groups = ["default"]
dependencies = [
    "numpy",
    "pillow>=8.3.2",
]
files = [
    {file = "imageio-2.37.0-py3-none-any.whl", hash = "sha256:11efa15b87bc7871b61590326b2d635439acc321cf7f8ce996f812543ce10eed"},
    {file = "imageio-2.37.0.tar.gz", hash = "sha256:71b57b3669666272c818497aebba2b4c5f20d5b37c81720e5e1a56d59c492996"},
]

[[package]]
name = "jinja2"
version = "3.1.6"
requires_python = ">=3.7"
summary = "A very fast and expressive template engine."
groups = ["default"]
dependencies = [
    "MarkupSafe>=2.0",
]
files = [
    {file = "jinja2-3.1.6-py3-none-any.whl", hash = "sha256:85ece4451f492d0c13c5dd7c13a64681a86afae63a5f347908daf103ce6d2f67"},
    {file = "jinja2-3.1.6.tar.gz", hash = "sha256:0137fb05990d35f1275a587e9aee6d56da821fc83491a0fb838183be43f66d6d"},
]

[[package]]
name = "lazy-loader"
version = "0.4"
requires_python = ">=3.7"
summary = "Makes it easy to load subpackages and functions on demand."
groups = ["default"]
dependencies = [
    "importlib-metadata; python_version < \"3.8\"",
    "packaging",
]
files = [
    {file = "lazy_loader-0.4-py3-none-any.whl", hash = "sha256:342aa8e14d543a154047afb4ba8ef17f5563baad3fc610d7b15b213b0f119efc"},
    {file = "lazy_loader-0.4.tar.gz", hash = "sha256:47c75182589b91a4e1a85a136c074285a5ad4d9f39c63e0d7fb76391c4574cd1"},
]

[[package]]
name = "markdown-it-py"
version = "4.0.0"
requires_python = ">=3.10"
summary = "Python port of markdown-it. Markdown parsing, done right!"
groups = ["default"]
dependencies = [
    "mdurl~=0.1",
]
files = [
    {file = "markdown_it_py-4.0.0-py3-none-any.whl", hash = "sha256:87327c59b172c5011896038353a81343b6754500a08cd7a4973bb48c6d578147"},
    {file = "markdown_it_py-4.0.0.tar.gz", hash = "sha256:cb0a2b4aa34f932c007117b194e945bd74e0ec24133ceb5bac59009cda1cb9f3"},
]

[[package]]
name = "markupsafe"
version = "3.0.2"
requires_python = ">=3.9"
summary = "Safely add untrusted strings to HTML/XML markup."
groups = ["default"]
files = [
    {file = "MarkupSafe-3.0.2-cp313-cp313-macosx_10_13_universal2.whl", hash = "sha256:ba9527cdd4c926ed0760bc301f6728ef34d841f405abf9d4f959c478421e4efd"},
    {file = "MarkupSafe-3.0.2-cp313-cp313-macosx_11_0_arm64.whl", hash = "sha256:f8b3d067f2e40fe93e1ccdd6b2e1d16c43140e76f02fb1319a05cf2b79d99430"},
    {file = "MarkupSafe-3.0.2-cp313-cp313-manylinux_2_17_aarch64.manylinux2014_aarch64.whl", hash = "sha256:569511d3b58c8791ab4c2e1285575265991e6d8f8700c7be0e88f86cb0672094"},
    {file = "MarkupSafe-3.0.2-cp313-cp313-manylinux_2_17_x86_64.manylinux2014_x86_64.whl", hash = "sha256:15ab75ef81add55874e7ab7055e9c397312385bd9ced94920f2802310c930396"},
    {file = "MarkupSafe-3.0.2-cp313-cp313-manylinux_2_5_i686.manylinux1_i686.manylinux_2_17_i686.manylinux2014_i686.whl", hash = "sha256:f3818cb119498c0678015754eba762e0d61e5b52d34c8b13d770f0719f7b1d79"},
    {file = "MarkupSafe-3.0.2-cp313-cp313-musllinux_1_2_aarch64.whl", hash = "sha256:cdb82a876c47801bb54a690c5ae105a46b392ac6099881cdfb9f6e95e4014c6a"},
    {file = "MarkupSafe-3.0.2-cp313-cp313-musllinux_1_2_i686.whl", hash = "sha256:cabc348d87e913db6ab4aa100f01b08f481097838bdddf7c7a84b7575b7309ca"},
    {file = "MarkupSafe-3.0.2-cp313-cp313-musllinux_1_2_x86_64.whl", hash = "sha256:444dcda765c8a838eaae23112db52f1efaf750daddb2d9ca300bcae1039adc5c"},
    {file = "MarkupSafe-3.0.2-cp313-cp313-win32.whl", hash = "sha256:bcf3e58998965654fdaff38e58584d8937aa3096ab5354d493c77d1fdd66d7a1"},
    {file = "MarkupSafe-3.0.2-cp313-cp313-win_amd64.whl", hash = "sha256:e6a2a455bd412959b57a172ce6328d2dd1f01cb2135efda2e4576e8a23fa3b0f"},
    {file = "MarkupSafe-3.0.2-cp313-cp313t-macosx_10_13_universal2.whl", hash = "sha256:b5a6b3ada725cea8a5e634536b1b01c30bcdcd7f9c6fff4151548d5bf6b3a36c"},
    {file = "MarkupSafe-3.0.2-cp313-cp313t-macosx_11_0_arm64.whl", hash = "sha256:a904af0a6162c73e3edcb969eeeb53a63ceeb5d8cf642fade7d39e7963a22ddb"},
    {file = "MarkupSafe-3.0.2-cp313-cp313t-manylinux_2_17_aarch64.manylinux2014_aarch64.whl", hash = "sha256:4aa4e5faecf353ed117801a068ebab7b7e09ffb6e1d5e412dc852e0da018126c"},
    {file = "MarkupSafe-3.0.2-cp313-cp313t-manylinux_2_17_x86_64.manylinux2014_x86_64.whl", hash = "sha256:c0ef13eaeee5b615fb07c9a7dadb38eac06a0608b41570d8ade51c56539e509d"},
    {file = "MarkupSafe-3.0.2-cp313-cp313t-manylinux_2_5_i686.manylinux1_i686.manylinux_2_17_i686.manylinux2014_i686.whl", hash = "sha256:d16a81a06776313e817c951135cf7340a3e91e8c1ff2fac444cfd75fffa04afe"},
    {file = "MarkupSafe-3.0.2-cp313-cp313t-musllinux_1_2_aarch64.whl", hash = "sha256:6381026f158fdb7c72a168278597a5e3a5222e83ea18f543112b2662a9b699c5"},
    {file = "MarkupSafe-3.0.2-cp313-cp313t-musllinux_1_2_i686.whl", hash = "sha256:3d79d162e7be8f996986c064d1c7c817f6df3a77fe3d6859f6f9e7be4b8c213a"},
    {file = "MarkupSafe-3.0.2-cp313-cp313t-musllinux_1_2_x86_64.whl", hash = "sha256:131a3c7689c85f5ad20f9f6fb1b866f402c445b220c19fe4308c0b147ccd2ad9"},
    {file = "MarkupSafe-3.0.2-cp313-cp313t-win32.whl", hash = "sha256:ba8062ed2cf21c07a9e295d5b8a2a5ce678b913b45fdf68c32d95d6c1291e0b6"},
    {file = "MarkupSafe-3.0.2-cp313-cp313t-win_amd64.whl", hash = "sha256:e444a31f8db13eb18ada366ab3cf45fd4b31e4db1236a4448f68778c1d1a5a2f"},
    {file = "markupsafe-3.0.2.tar.gz", hash = "sha256:ee55d3edf80167e48ea11a923c7386f4669df67d7994554387f84e7d8b0a2bf0"},
]

[[package]]
name = "mdurl"
version = "0.1.2"
requires_python = ">=3.7"
summary = "Markdown URL utilities"
groups = ["default"]
files = [
    {file = "mdurl-0.1.2-py3-none-any.whl", hash = "sha256:84008a41e51615a49fc9966191ff91509e3c40b939176e643fd50a5c2196b8f8"},
    {file = "mdurl-0.1.2.tar.gz", hash = "sha256:bb413d29f5eea38f31dd4754dd7377d4465116fb207585f97bf925588687c1ba"},
]

[[package]]
name = "mpmath"
version = "1.3.0"
summary = "Python library for arbitrary-precision floating-point arithmetic"
groups = ["default"]
files = [
    {file = "mpmath-1.3.0-py3-none-any.whl", hash = "sha256:a0b2b9fe80bbcd81a6647ff13108738cfb482d481d826cc0e02f5b35e5c88d2c"},
    {file = "mpmath-1.3.0.tar.gz", hash = "sha256:7a28eb2a9774d00c7bc92411c19a89209d5da7c4c9a9e227be8330a23a25b91f"},
]

[[package]]
name = "mypy-extensions"
version = "1.1.0"
requires_python = ">=3.8"
summary = "Type system extensions for programs checked with the mypy type checker."
groups = ["dev"]
files = [
    {file = "mypy_extensions-1.1.0-py3-none-any.whl", hash = "sha256:1be4cccdb0f2482337c4743e60421de3a356cd97508abadd57d47403e94f5505"},
    {file = "mypy_extensions-1.1.0.tar.gz", hash = "sha256:52e68efc3284861e772bbcd66823fde5ae21fd2fdb51c62a211403730b916558"},
]

[[package]]
name = "networkx"
version = "3.5"
requires_python = ">=3.11"
summary = "Python package for creating and manipulating graphs and networks"
groups = ["default"]
files = [
    {file = "networkx-3.5-py3-none-any.whl", hash = "sha256:0030d386a9a06dee3565298b4a734b68589749a544acbb6c412dc9e2489ec6ec"},
    {file = "networkx-3.5.tar.gz", hash = "sha256:d4c6f9cf81f52d69230866796b82afbccdec3db7ae4fbd1b65ea750feed50037"},
]

[[package]]
name = "numpy"
version = "2.2.6"
requires_python = ">=3.10"
summary = "Fundamental package for array computing in Python"
groups = ["default"]
files = [
    {file = "numpy-2.2.6-cp313-cp313-macosx_10_13_x86_64.whl", hash = "sha256:0811bb762109d9708cca4d0b13c4f67146e3c3b7cf8d34018c722adb2d957c84"},
    {file = "numpy-2.2.6-cp313-cp313-macosx_11_0_arm64.whl", hash = "sha256:287cc3162b6f01463ccd86be154f284d0893d2b3ed7292439ea97eafa8170e0b"},
    {file = "numpy-2.2.6-cp313-cp313-macosx_14_0_arm64.whl", hash = "sha256:f1372f041402e37e5e633e586f62aa53de2eac8d98cbfb822806ce4bbefcb74d"},
    {file = "numpy-2.2.6-cp313-cp313-macosx_14_0_x86_64.whl", hash = "sha256:55a4d33fa519660d69614a9fad433be87e5252f4b03850642f88993f7b2ca566"},
    {file = "numpy-2.2.6-cp313-cp313-manylinux_2_17_aarch64.manylinux2014_aarch64.whl", hash = "sha256:f92729c95468a2f4f15e9bb94c432a9229d0d50de67304399627a943201baa2f"},
    {file = "numpy-2.2.6-cp313-cp313-manylinux_2_17_x86_64.manylinux2014_x86_64.whl", hash = "sha256:1bc23a79bfabc5d056d106f9befb8d50c31ced2fbc70eedb8155aec74a45798f"},
    {file = "numpy-2.2.6-cp313-cp313-musllinux_1_2_aarch64.whl", hash = "sha256:e3143e4451880bed956e706a3220b4e5cf6172ef05fcc397f6f36a550b1dd868"},
    {file = "numpy-2.2.6-cp313-cp313-musllinux_1_2_x86_64.whl", hash = "sha256:b4f13750ce79751586ae2eb824ba7e1e8dba64784086c98cdbbcc6a42112ce0d"},
    {file = "numpy-2.2.6-cp313-cp313-win32.whl", hash = "sha256:5beb72339d9d4fa36522fc63802f469b13cdbe4fdab4a288f0c441b74272ebfd"},
    {file = "numpy-2.2.6-cp313-cp313-win_amd64.whl", hash = "sha256:b0544343a702fa80c95ad5d3d608ea3599dd54d4632df855e4c8d24eb6ecfa1c"},
    {file = "numpy-2.2.6-cp313-cp313t-macosx_10_13_x86_64.whl", hash = "sha256:0bca768cd85ae743b2affdc762d617eddf3bcf8724435498a1e80132d04879e6"},
    {file = "numpy-2.2.6-cp313-cp313t-macosx_11_0_arm64.whl", hash = "sha256:fc0c5673685c508a142ca65209b4e79ed6740a4ed6b2267dbba90f34b0b3cfda"},
    {file = "numpy-2.2.6-cp313-cp313t-macosx_14_0_arm64.whl", hash = "sha256:5bd4fc3ac8926b3819797a7c0e2631eb889b4118a9898c84f585a54d475b7e40"},
    {file = "numpy-2.2.6-cp313-cp313t-macosx_14_0_x86_64.whl", hash = "sha256:fee4236c876c4e8369388054d02d0e9bb84821feb1a64dd59e137e6511a551f8"},
    {file = "numpy-2.2.6-cp313-cp313t-manylinux_2_17_aarch64.manylinux2014_aarch64.whl", hash = "sha256:e1dda9c7e08dc141e0247a5b8f49cf05984955246a327d4c48bda16821947b2f"},
    {file = "numpy-2.2.6-cp313-cp313t-manylinux_2_17_x86_64.manylinux2014_x86_64.whl", hash = "sha256:f447e6acb680fd307f40d3da4852208af94afdfab89cf850986c3ca00562f4fa"},
    {file = "numpy-2.2.6-cp313-cp313t-musllinux_1_2_aarch64.whl", hash = "sha256:389d771b1623ec92636b0786bc4ae56abafad4a4c513d36a55dce14bd9ce8571"},
    {file = "numpy-2.2.6-cp313-cp313t-musllinux_1_2_x86_64.whl", hash = "sha256:8e9ace4a37db23421249ed236fdcdd457d671e25146786dfc96835cd951aa7c1"},
    {file = "numpy-2.2.6-cp313-cp313t-win32.whl", hash = "sha256:038613e9fb8c72b0a41f025a7e4c3f0b7a1b5d768ece4796b674c8f3fe13efff"},
    {file = "numpy-2.2.6-cp313-cp313t-win_amd64.whl", hash = "sha256:6031dd6dfecc0cf9f668681a37648373bddd6421fff6c66ec1624eed0180ee06"},
    {file = "numpy-2.2.6.tar.gz", hash = "sha256:e29554e2bef54a90aa5cc07da6ce955accb83f21ab5de01a62c8478897b264fd"},
]

[[package]]
name = "nvidia-cublas-cu12"
version = "12.9.1.4"
requires_python = ">=3"
summary = "CUBLAS native runtime libraries"
groups = ["default"]
marker = "platform_system == \"Linux\" and platform_machine == \"x86_64\""
files = [
    {file = "nvidia_cublas_cu12-12.9.1.4-py3-none-manylinux_2_27_aarch64.whl", hash = "sha256:7a950dae01add3b415a5a5cdc4ec818fb5858263e9cca59004bb99fdbbd3a5d6"},
    {file = "nvidia_cublas_cu12-12.9.1.4-py3-none-manylinux_2_27_x86_64.whl", hash = "sha256:453611eb21a7c1f2c2156ed9f3a45b691deda0440ec550860290dc901af5b4c2"},
    {file = "nvidia_cublas_cu12-12.9.1.4-py3-none-win_amd64.whl", hash = "sha256:1e5fee10662e6e52bd71dec533fbbd4971bb70a5f24f3bc3793e5c2e9dc640bf"},
]

[[package]]
name = "nvidia-cuda-cupti-cu12"
version = "12.9.79"
requires_python = ">=3"
summary = "CUDA profiling tools runtime libs."
groups = ["default"]
marker = "platform_system == \"Linux\" and platform_machine == \"x86_64\""
files = [
    {file = "nvidia_cuda_cupti_cu12-12.9.79-py3-none-manylinux_2_25_aarch64.whl", hash = "sha256:791853b030602c6a11d08b5578edfb957cadea06e9d3b26adbf8d036135a4afe"},
    {file = "nvidia_cuda_cupti_cu12-12.9.79-py3-none-manylinux_2_25_x86_64.whl", hash = "sha256:096bcf334f13e1984ba36685ad4c1d6347db214de03dbb6eebb237b41d9d934f"},
    {file = "nvidia_cuda_cupti_cu12-12.9.79-py3-none-win_amd64.whl", hash = "sha256:1848a9380067560d5bee10ed240eecc22991713e672c0515f9c3d9396adf93c8"},
]

[[package]]
name = "nvidia-cuda-nvrtc-cu12"
version = "12.9.86"
requires_python = ">=3"
summary = "NVRTC native runtime libraries"
groups = ["default"]
marker = "platform_system == \"Linux\" and platform_machine == \"x86_64\""
files = [
    {file = "nvidia_cuda_nvrtc_cu12-12.9.86-py3-none-manylinux2010_x86_64.manylinux_2_12_x86_64.whl", hash = "sha256:210cf05005a447e29214e9ce50851e83fc5f4358df8b453155d5e1918094dcb4"},
    {file = "nvidia_cuda_nvrtc_cu12-12.9.86-py3-none-manylinux2014_aarch64.manylinux_2_17_aarch64.whl", hash = "sha256:096d4de6bda726415dfaf3198d4f5c522b8e70139c97feef5cd2ca6d4cd9cead"},
    {file = "nvidia_cuda_nvrtc_cu12-12.9.86-py3-none-win_amd64.whl", hash = "sha256:72972ebdcf504d69462d3bcd67e7b81edd25d0fb85a2c46d3ea3517666636349"},
]

[[package]]
name = "nvidia-cuda-runtime-cu12"
version = "12.9.79"
requires_python = ">=3"
summary = "CUDA Runtime native Libraries"
groups = ["default"]
marker = "platform_system == \"Linux\" and platform_machine == \"x86_64\""
files = [
    {file = "nvidia_cuda_runtime_cu12-12.9.79-py3-none-manylinux2014_aarch64.manylinux_2_17_aarch64.whl", hash = "sha256:83469a846206f2a733db0c42e223589ab62fd2fabac4432d2f8802de4bded0a4"},
    {file = "nvidia_cuda_runtime_cu12-12.9.79-py3-none-manylinux2014_x86_64.manylinux_2_17_x86_64.whl", hash = "sha256:25bba2dfb01d48a9b59ca474a1ac43c6ebf7011f1b0b8cc44f54eb6ac48a96c3"},
    {file = "nvidia_cuda_runtime_cu12-12.9.79-py3-none-win_amd64.whl", hash = "sha256:8e018af8fa02363876860388bd10ccb89eb9ab8fb0aa749aaf58430a9f7c4891"},
]

[[package]]
name = "nvidia-cudnn-cu12"
version = "9.10.2.21"
requires_python = ">=3"
summary = "cuDNN runtime libraries"
groups = ["default"]
marker = "platform_system == \"Linux\" and platform_machine == \"x86_64\""
dependencies = [
    "nvidia-cublas-cu12",
]
files = [
    {file = "nvidia_cudnn_cu12-9.10.2.21-py3-none-manylinux_2_27_aarch64.whl", hash = "sha256:c9132cc3f8958447b4910a1720036d9eff5928cc3179b0a51fb6d167c6cc87d8"},
    {file = "nvidia_cudnn_cu12-9.10.2.21-py3-none-manylinux_2_27_x86_64.whl", hash = "sha256:949452be657fa16687d0930933f032835951ef0892b37d2d53824d1a84dc97a8"},
    {file = "nvidia_cudnn_cu12-9.10.2.21-py3-none-win_amd64.whl", hash = "sha256:c6288de7d63e6cf62988f0923f96dc339cea362decb1bf5b3141883392a7d65e"},
]

[[package]]
name = "nvidia-cufft-cu12"
version = "11.4.1.4"
requires_python = ">=3"
summary = "CUFFT native runtime libraries"
groups = ["default"]
marker = "platform_system == \"Linux\" and platform_machine == \"x86_64\""
dependencies = [
    "nvidia-nvjitlink-cu12",
]
files = [
    {file = "nvidia_cufft_cu12-11.4.1.4-py3-none-manylinux2014_aarch64.manylinux_2_17_aarch64.whl", hash = "sha256:1a28c9b12260a1aa7a8fd12f5ebd82d027963d635ba82ff39a1acfa7c4c0fbcf"},
    {file = "nvidia_cufft_cu12-11.4.1.4-py3-none-manylinux2014_x86_64.manylinux_2_17_x86_64.whl", hash = "sha256:c67884f2a7d276b4b80eb56a79322a95df592ae5e765cf1243693365ccab4e28"},
    {file = "nvidia_cufft_cu12-11.4.1.4-py3-none-win_amd64.whl", hash = "sha256:8e5bfaac795e93f80611f807d42844e8e27e340e0cde270dcb6c65386d795b80"},
]

[[package]]
name = "nvidia-cufile-cu12"
version = "1.14.1.1"
requires_python = ">=3"
summary = "cuFile GPUDirect libraries"
groups = ["default"]
marker = "platform_system == \"Linux\" and platform_machine == \"x86_64\""
files = [
    {file = "nvidia_cufile_cu12-1.14.1.1-py3-none-manylinux2014_x86_64.manylinux_2_17_x86_64.whl", hash = "sha256:9552e2231792e94b1ff17bc99e958cc0e6bbbaa4a9d91fa2dbeed97716628fe6"},
    {file = "nvidia_cufile_cu12-1.14.1.1-py3-none-manylinux_2_27_aarch64.whl", hash = "sha256:8dea77590761e02cb6dd955a57cb6414c58aa3cb1b7adbf9919869a11509cf65"},
]

[[package]]
name = "nvidia-curand-cu12"
version = "10.3.10.19"
requires_python = ">=3"
summary = "CURAND native runtime libraries"
groups = ["default"]
marker = "platform_system == \"Linux\" and platform_machine == \"x86_64\""
files = [
    {file = "nvidia_curand_cu12-10.3.10.19-py3-none-manylinux_2_27_aarch64.whl", hash = "sha256:de663377feb1697e1d30ed587b07d5721fdd6d2015c738d7528a6002a6134d37"},
    {file = "nvidia_curand_cu12-10.3.10.19-py3-none-manylinux_2_27_x86_64.whl", hash = "sha256:49b274db4780d421bd2ccd362e1415c13887c53c214f0d4b761752b8f9f6aa1e"},
    {file = "nvidia_curand_cu12-10.3.10.19-py3-none-win_amd64.whl", hash = "sha256:e8129e6ac40dc123bd948e33d3e11b4aa617d87a583fa2f21b3210e90c743cde"},
]

[[package]]
name = "nvidia-cusolver-cu12"
version = "11.7.5.82"
requires_python = ">=3"
summary = "CUDA solver native runtime libraries"
groups = ["default"]
marker = "platform_system == \"Linux\" and platform_machine == \"x86_64\""
dependencies = [
    "nvidia-cublas-cu12",
    "nvidia-cusparse-cu12",
    "nvidia-nvjitlink-cu12",
]
files = [
    {file = "nvidia_cusolver_cu12-11.7.5.82-py3-none-manylinux_2_27_aarch64.whl", hash = "sha256:62efa83e4ace59a4c734d052bb72158e888aa7b770e1a5f601682f16fe5b4fd2"},
    {file = "nvidia_cusolver_cu12-11.7.5.82-py3-none-manylinux_2_27_x86_64.whl", hash = "sha256:15da72d1340d29b5b3cf3fd100e3cd53421dde36002eda6ed93811af63c40d88"},
    {file = "nvidia_cusolver_cu12-11.7.5.82-py3-none-win_amd64.whl", hash = "sha256:77666337237716783c6269a658dea310195cddbd80a5b2919b1ba8735cec8efd"},
]

[[package]]
name = "nvidia-cusparse-cu12"
version = "12.5.10.65"
requires_python = ">=3"
summary = "CUSPARSE native runtime libraries"
groups = ["default"]
marker = "platform_system == \"Linux\" and platform_machine == \"x86_64\""
dependencies = [
    "nvidia-nvjitlink-cu12",
]
files = [
    {file = "nvidia_cusparse_cu12-12.5.10.65-py3-none-manylinux2014_aarch64.manylinux_2_17_aarch64.whl", hash = "sha256:221c73e7482dd93eda44e65ce567c031c07e2f93f6fa0ecd3ba876a195023e83"},
    {file = "nvidia_cusparse_cu12-12.5.10.65-py3-none-manylinux2014_x86_64.manylinux_2_17_x86_64.whl", hash = "sha256:73060ce019ac064a057267c585bf1fd5a353734151f87472ff02b2c5c9984e78"},
    {file = "nvidia_cusparse_cu12-12.5.10.65-py3-none-win_amd64.whl", hash = "sha256:9e487468a22a1eaf1fbd1d2035936a905feb79c4ce5c2f67626764ee4f90227c"},
]

[[package]]
name = "nvidia-cusparselt-cu12"
version = "0.7.1"
summary = "NVIDIA cuSPARSELt"
groups = ["default"]
marker = "platform_system == \"Linux\" and platform_machine == \"x86_64\""
files = [
    {file = "nvidia_cusparselt_cu12-0.7.1-py3-none-manylinux2014_aarch64.whl", hash = "sha256:8878dce784d0fac90131b6817b607e803c36e629ba34dc5b433471382196b6a5"},
    {file = "nvidia_cusparselt_cu12-0.7.1-py3-none-manylinux2014_x86_64.whl", hash = "sha256:f1bb701d6b930d5a7cea44c19ceb973311500847f81b634d802b7b539dc55623"},
    {file = "nvidia_cusparselt_cu12-0.7.1-py3-none-win_amd64.whl", hash = "sha256:f67fbb5831940ec829c9117b7f33807db9f9678dc2a617fbe781cac17b4e1075"},
]

[[package]]
name = "nvidia-nccl-cu12"
version = "2.27.3"
requires_python = ">=3"
summary = "NVIDIA Collective Communication Library (NCCL) Runtime"
groups = ["default"]
marker = "platform_system == \"Linux\" and platform_machine == \"x86_64\""
files = [
    {file = "nvidia_nccl_cu12-2.27.3-py3-none-manylinux2014_aarch64.manylinux_2_17_aarch64.whl", hash = "sha256:9ddf1a245abc36c550870f26d537a9b6087fb2e2e3d6e0ef03374c6fd19d984f"},
    {file = "nvidia_nccl_cu12-2.27.3-py3-none-manylinux2014_x86_64.manylinux_2_17_x86_64.whl", hash = "sha256:adf27ccf4238253e0b826bce3ff5fa532d65fc42322c8bfdfaf28024c0fbe039"},
]

[[package]]
name = "nvidia-nvjitlink-cu12"
version = "12.9.86"
requires_python = ">=3"
summary = "Nvidia JIT LTO Library"
groups = ["default"]
marker = "platform_system == \"Linux\" and platform_machine == \"x86_64\""
files = [
    {file = "nvidia_nvjitlink_cu12-12.9.86-py3-none-manylinux2010_x86_64.manylinux_2_12_x86_64.whl", hash = "sha256:e3f1171dbdc83c5932a45f0f4c99180a70de9bd2718c1ab77d14104f6d7147f9"},
    {file = "nvidia_nvjitlink_cu12-12.9.86-py3-none-manylinux2014_aarch64.manylinux_2_17_aarch64.whl", hash = "sha256:994a05ef08ef4b0b299829cde613a424382aff7efb08a7172c1fa616cc3af2ca"},
    {file = "nvidia_nvjitlink_cu12-12.9.86-py3-none-win_amd64.whl", hash = "sha256:cc6fcec260ca843c10e34c936921a1c426b351753587fdd638e8cff7b16bb9db"},
]

[[package]]
name = "nvidia-nvtx-cu12"
version = "12.9.79"
requires_python = ">=3"
summary = "NVIDIA Tools Extension"
groups = ["default"]
marker = "platform_system == \"Linux\" and platform_machine == \"x86_64\""
files = [
    {file = "nvidia_nvtx_cu12-12.9.79-py3-none-manylinux1_x86_64.manylinux_2_5_x86_64.whl", hash = "sha256:fec150986817f2b4e7eed72ed059f2dcb9ba3856b9a96134e448eac946a6952f"},
    {file = "nvidia_nvtx_cu12-12.9.79-py3-none-manylinux2014_aarch64.manylinux_2_17_aarch64.whl", hash = "sha256:d1f258e752294acdb4f61c3d31fee87bd0f60e459f1e2f624376369b524cd15d"},
    {file = "nvidia_nvtx_cu12-12.9.79-py3-none-win_amd64.whl", hash = "sha256:1f504e573b3a955e55aae6c747e2ae561b63fdcafcd591e43d18dae9875504f8"},
]

[[package]]
name = "opencv-python"
version = "4.12.0.88"
requires_python = ">=3.6"
summary = "Wrapper package for OpenCV python bindings."
groups = ["default"]
dependencies = [
    "numpy<2.0; python_version < \"3.9\"",
    "numpy<2.3.0,>=2; python_version >= \"3.9\"",
]
files = [
    {file = "opencv-python-4.12.0.88.tar.gz", hash = "sha256:8b738389cede219405f6f3880b851efa3415ccd674752219377353f017d2994d"},
    {file = "opencv_python-4.12.0.88-cp37-abi3-macosx_13_0_arm64.whl", hash = "sha256:f9a1f08883257b95a5764bf517a32d75aec325319c8ed0f89739a57fae9e92a5"},
    {file = "opencv_python-4.12.0.88-cp37-abi3-macosx_13_0_x86_64.whl", hash = "sha256:812eb116ad2b4de43ee116fcd8991c3a687f099ada0b04e68f64899c09448e81"},
    {file = "opencv_python-4.12.0.88-cp37-abi3-manylinux2014_aarch64.manylinux_2_17_aarch64.whl", hash = "sha256:51fd981c7df6af3e8f70b1556696b05224c4e6b6777bdd2a46b3d4fb09de1a92"},
    {file = "opencv_python-4.12.0.88-cp37-abi3-manylinux2014_x86_64.manylinux_2_17_x86_64.whl", hash = "sha256:092c16da4c5a163a818f120c22c5e4a2f96e0db4f24e659c701f1fe629a690f9"},
    {file = "opencv_python-4.12.0.88-cp37-abi3-win32.whl", hash = "sha256:ff554d3f725b39878ac6a2e1fa232ec509c36130927afc18a1719ebf4fbf4357"},
    {file = "opencv_python-4.12.0.88-cp37-abi3-win_amd64.whl", hash = "sha256:d98edb20aa932fd8ebd276a72627dad9dc097695b3d435a4257557bbb49a79d2"},
]

[[package]]
name = "packaging"
version = "25.0"
requires_python = ">=3.8"
summary = "Core utilities for Python packages"
groups = ["default", "dev"]
files = [
    {file = "packaging-25.0-py3-none-any.whl", hash = "sha256:29572ef2b1f17581046b3a2227d5c611fb25ec70ca1ba8554b24b0e69331a484"},
    {file = "packaging-25.0.tar.gz", hash = "sha256:d443872c98d677bf60f6a1f2f8c1cb748e8fe762d2bf9d3148b5599295b0fc4f"},
]

[[package]]
name = "pathspec"
version = "0.12.1"
requires_python = ">=3.8"
summary = "Utility library for gitignore style pattern matching of file paths."
groups = ["dev"]
files = [
    {file = "pathspec-0.12.1-py3-none-any.whl", hash = "sha256:a0d503e138a4c123b27490a4f7beda6a01c6f288df0e4a8b79c7eb0dc7b4cc08"},
    {file = "pathspec-0.12.1.tar.gz", hash = "sha256:a482d51503a1ab33b1c67a6c3813a26953dbdc71c31dacaef9a838c4e29f5712"},
]

[[package]]
name = "pillow"
version = "11.3.0"
requires_python = ">=3.9"
summary = "Python Imaging Library (Fork)"
groups = ["default"]
files = [
    {file = "pillow-11.3.0-cp313-cp313-ios_13_0_arm64_iphoneos.whl", hash = "sha256:1c627742b539bba4309df89171356fcb3cc5a9178355b2727d1b74a6cf155fbd"},
    {file = "pillow-11.3.0-cp313-cp313-ios_13_0_arm64_iphonesimulator.whl", hash = "sha256:30b7c02f3899d10f13d7a48163c8969e4e653f8b43416d23d13d1bbfdc93b9f8"},
    {file = "pillow-11.3.0-cp313-cp313-ios_13_0_x86_64_iphonesimulator.whl", hash = "sha256:7859a4cc7c9295f5838015d8cc0a9c215b77e43d07a25e460f35cf516df8626f"},
    {file = "pillow-11.3.0-cp313-cp313-macosx_10_13_x86_64.whl", hash = "sha256:ec1ee50470b0d050984394423d96325b744d55c701a439d2bd66089bff963d3c"},
    {file = "pillow-11.3.0-cp313-cp313-macosx_11_0_arm64.whl", hash = "sha256:7db51d222548ccfd274e4572fdbf3e810a5e66b00608862f947b163e613b67dd"},
    {file = "pillow-11.3.0-cp313-cp313-manylinux2014_aarch64.manylinux_2_17_aarch64.whl", hash = "sha256:2d6fcc902a24ac74495df63faad1884282239265c6839a0a6416d33faedfae7e"},
    {file = "pillow-11.3.0-cp313-cp313-manylinux2014_x86_64.manylinux_2_17_x86_64.whl", hash = "sha256:f0f5d8f4a08090c6d6d578351a2b91acf519a54986c055af27e7a93feae6d3f1"},
    {file = "pillow-11.3.0-cp313-cp313-manylinux_2_27_aarch64.manylinux_2_28_aarch64.whl", hash = "sha256:c37d8ba9411d6003bba9e518db0db0c58a680ab9fe5179f040b0463644bc9805"},
    {file = "pillow-11.3.0-cp313-cp313-manylinux_2_27_x86_64.manylinux_2_28_x86_64.whl", hash = "sha256:13f87d581e71d9189ab21fe0efb5a23e9f28552d5be6979e84001d3b8505abe8"},
    {file = "pillow-11.3.0-cp313-cp313-musllinux_1_2_aarch64.whl", hash = "sha256:023f6d2d11784a465f09fd09a34b150ea4672e85fb3d05931d89f373ab14abb2"},
    {file = "pillow-11.3.0-cp313-cp313-musllinux_1_2_x86_64.whl", hash = "sha256:45dfc51ac5975b938e9809451c51734124e73b04d0f0ac621649821a63852e7b"},
    {file = "pillow-11.3.0-cp313-cp313-win32.whl", hash = "sha256:a4d336baed65d50d37b88ca5b60c0fa9d81e3a87d4a7930d3880d1624d5b31f3"},
    {file = "pillow-11.3.0-cp313-cp313-win_amd64.whl", hash = "sha256:0bce5c4fd0921f99d2e858dc4d4d64193407e1b99478bc5cacecba2311abde51"},
    {file = "pillow-11.3.0-cp313-cp313-win_arm64.whl", hash = "sha256:1904e1264881f682f02b7f8167935cce37bc97db457f8e7849dc3a6a52b99580"},
    {file = "pillow-11.3.0-cp313-cp313t-macosx_10_13_x86_64.whl", hash = "sha256:4c834a3921375c48ee6b9624061076bc0a32a60b5532b322cc0ea64e639dd50e"},
    {file = "pillow-11.3.0-cp313-cp313t-macosx_11_0_arm64.whl", hash = "sha256:5e05688ccef30ea69b9317a9ead994b93975104a677a36a8ed8106be9260aa6d"},
    {file = "pillow-11.3.0-cp313-cp313t-manylinux2014_aarch64.manylinux_2_17_aarch64.whl", hash = "sha256:1019b04af07fc0163e2810167918cb5add8d74674b6267616021ab558dc98ced"},
    {file = "pillow-11.3.0-cp313-cp313t-manylinux2014_x86_64.manylinux_2_17_x86_64.whl", hash = "sha256:f944255db153ebb2b19c51fe85dd99ef0ce494123f21b9db4877ffdfc5590c7c"},
    {file = "pillow-11.3.0-cp313-cp313t-manylinux_2_27_aarch64.manylinux_2_28_aarch64.whl", hash = "sha256:1f85acb69adf2aaee8b7da124efebbdb959a104db34d3a2cb0f3793dbae422a8"},
    {file = "pillow-11.3.0-cp313-cp313t-manylinux_2_27_x86_64.manylinux_2_28_x86_64.whl", hash = "sha256:05f6ecbeff5005399bb48d198f098a9b4b6bdf27b8487c7f38ca16eeb070cd59"},
    {file = "pillow-11.3.0-cp313-cp313t-musllinux_1_2_aarch64.whl", hash = "sha256:a7bc6e6fd0395bc052f16b1a8670859964dbd7003bd0af2ff08342eb6e442cfe"},
    {file = "pillow-11.3.0-cp313-cp313t-musllinux_1_2_x86_64.whl", hash = "sha256:83e1b0161c9d148125083a35c1c5a89db5b7054834fd4387499e06552035236c"},
    {file = "pillow-11.3.0-cp313-cp313t-win32.whl", hash = "sha256:2a3117c06b8fb646639dce83694f2f9eac405472713fcb1ae887469c0d4f6788"},
    {file = "pillow-11.3.0-cp313-cp313t-win_amd64.whl", hash = "sha256:857844335c95bea93fb39e0fa2726b4d9d758850b34075a7e3ff4f4fa3aa3b31"},
    {file = "pillow-11.3.0-cp313-cp313t-win_arm64.whl", hash = "sha256:8797edc41f3e8536ae4b10897ee2f637235c94f27404cac7297f7b607dd0716e"},
    {file = "pillow-11.3.0.tar.gz", hash = "sha256:3828ee7586cd0b2091b6209e5ad53e20d0649bbe87164a459d0676e035e8f523"},
]

[[package]]
name = "platformdirs"
version = "4.4.0"
requires_python = ">=3.9"
summary = "A small Python package for determining appropriate platform-specific dirs, e.g. a `user data dir`."
groups = ["dev"]
files = [
    {file = "platformdirs-4.4.0-py3-none-any.whl", hash = "sha256:abd01743f24e5287cd7a5db3752faf1a2d65353f38ec26d98e25a6db65958c85"},
    {file = "platformdirs-4.4.0.tar.gz", hash = "sha256:ca753cf4d81dc309bc67b0ea38fd15dc97bc30ce419a7f58d13eb3bf14c4febf"},
]

[[package]]
name = "pygments"
version = "2.19.2"
requires_python = ">=3.8"
summary = "Pygments is a syntax highlighting package written in Python."
groups = ["default"]
files = [
    {file = "pygments-2.19.2-py3-none-any.whl", hash = "sha256:86540386c03d588bb81d44bc3928634ff26449851e99741617ecb9037ee5ec0b"},
    {file = "pygments-2.19.2.tar.gz", hash = "sha256:636cb2477cec7f8952536970bc533bc43743542f70392ae026374600add5b887"},
]

[[package]]
name = "pytokens"
version = "0.1.10"
requires_python = ">=3.8"
summary = "A Fast, spec compliant Python 3.12+ tokenizer that runs on older Pythons."
groups = ["dev"]
files = [
    {file = "pytokens-0.1.10-py3-none-any.whl", hash = "sha256:db7b72284e480e69fb085d9f251f66b3d2df8b7166059261258ff35f50fb711b"},
    {file = "pytokens-0.1.10.tar.gz", hash = "sha256:c9a4bfa0be1d26aebce03e6884ba454e842f186a59ea43a6d3b25af58223c044"},
]

[[package]]
name = "rich"
version = "14.1.0"
requires_python = ">=3.8.0"
summary = "Render rich text, tables, progress bars, syntax highlighting, markdown and more to the terminal"
groups = ["default"]
dependencies = [
    "markdown-it-py>=2.2.0",
    "pygments<3.0.0,>=2.13.0",
]
files = [
    {file = "rich-14.1.0-py3-none-any.whl", hash = "sha256:536f5f1785986d6dbdea3c75205c473f970777b4a0d6c6dd1b696aa05a3fa04f"},
    {file = "rich-14.1.0.tar.gz", hash = "sha256:e497a48b844b0320d45007cdebfeaeed8db2a4f4bcf49f15e455cfc4af11eaa8"},
]

[[package]]
name = "scikit-image"
version = "0.25.2"
requires_python = ">=3.10"
summary = "Image processing in Python"
groups = ["default"]
dependencies = [
    "imageio!=2.35.0,>=2.33",
    "lazy-loader>=0.4",
    "networkx>=3.0",
    "numpy>=1.24",
    "packaging>=21",
    "pillow>=10.1",
    "scipy>=1.11.4",
    "tifffile>=2022.8.12",
]
files = [
    {file = "scikit_image-0.25.2-cp313-cp313-macosx_10_13_x86_64.whl", hash = "sha256:7efa888130f6c548ec0439b1a7ed7295bc10105458a421e9bf739b457730b6da"},
    {file = "scikit_image-0.25.2-cp313-cp313-macosx_12_0_arm64.whl", hash = "sha256:dd8011efe69c3641920614d550f5505f83658fe33581e49bed86feab43a180fc"},
    {file = "scikit_image-0.25.2-cp313-cp313-manylinux_2_17_aarch64.manylinux2014_aarch64.whl", hash = "sha256:28182a9d3e2ce3c2e251383bdda68f8d88d9fff1a3ebe1eb61206595c9773341"},
    {file = "scikit_image-0.25.2-cp313-cp313-manylinux_2_17_x86_64.manylinux2014_x86_64.whl", hash = "sha256:b8abd3c805ce6944b941cfed0406d88faeb19bab3ed3d4b50187af55cf24d147"},
    {file = "scikit_image-0.25.2-cp313-cp313-win_amd64.whl", hash = "sha256:64785a8acefee460ec49a354706db0b09d1f325674107d7fa3eadb663fb56d6f"},
    {file = "scikit_image-0.25.2-cp313-cp313t-manylinux_2_17_x86_64.manylinux2014_x86_64.whl", hash = "sha256:330d061bd107d12f8d68f1d611ae27b3b813b8cdb0300a71d07b1379178dd4cd"},
    {file = "scikit_image-0.25.2.tar.gz", hash = "sha256:e5a37e6cd4d0c018a7a55b9d601357e3382826d3888c10d0213fc63bff977dde"},
]

[[package]]
name = "scipy"
version = "1.16.2"
requires_python = ">=3.11"
summary = "Fundamental algorithms for scientific computing in Python"
groups = ["default"]
dependencies = [
    "numpy<2.6,>=1.25.2",
]
files = [
    {file = "scipy-1.16.2-cp313-cp313-macosx_10_14_x86_64.whl", hash = "sha256:84f7bf944b43e20b8a894f5fe593976926744f6c185bacfcbdfbb62736b5cc70"},
    {file = "scipy-1.16.2-cp313-cp313-macosx_12_0_arm64.whl", hash = "sha256:5c39026d12edc826a1ef2ad35ad1e6d7f087f934bb868fc43fa3049c8b8508f9"},
    {file = "scipy-1.16.2-cp313-cp313-macosx_14_0_arm64.whl", hash = "sha256:e52729ffd45b68777c5319560014d6fd251294200625d9d70fd8626516fc49f5"},
    {file = "scipy-1.16.2-cp313-cp313-macosx_14_0_x86_64.whl", hash = "sha256:024dd4a118cccec09ca3209b7e8e614931a6ffb804b2a601839499cb88bdf925"},
    {file = "scipy-1.16.2-cp313-cp313-manylinux2014_aarch64.manylinux_2_17_aarch64.whl", hash = "sha256:7a5dc7ee9c33019973a470556081b0fd3c9f4c44019191039f9769183141a4d9"},
    {file = "scipy-1.16.2-cp313-cp313-manylinux2014_x86_64.manylinux_2_17_x86_64.whl", hash = "sha256:c2275ff105e508942f99d4e3bc56b6ef5e4b3c0af970386ca56b777608ce95b7"},
    {file = "scipy-1.16.2-cp313-cp313-musllinux_1_2_aarch64.whl", hash = "sha256:af80196eaa84f033e48444d2e0786ec47d328ba00c71e4299b602235ffef9acb"},
    {file = "scipy-1.16.2-cp313-cp313-musllinux_1_2_x86_64.whl", hash = "sha256:9fb1eb735fe3d6ed1f89918224e3385fbf6f9e23757cacc35f9c78d3b712dd6e"},
    {file = "scipy-1.16.2-cp313-cp313-win_amd64.whl", hash = "sha256:fda714cf45ba43c9d3bae8f2585c777f64e3f89a2e073b668b32ede412d8f52c"},
    {file = "scipy-1.16.2-cp313-cp313-win_arm64.whl", hash = "sha256:2f5350da923ccfd0b00e07c3e5cfb316c1c0d6c1d864c07a72d092e9f20db104"},
    {file = "scipy-1.16.2-cp313-cp313t-macosx_10_14_x86_64.whl", hash = "sha256:53d8d2ee29b925344c13bda64ab51785f016b1b9617849dac10897f0701b20c1"},
    {file = "scipy-1.16.2-cp313-cp313t-macosx_12_0_arm64.whl", hash = "sha256:9e05e33657efb4c6a9d23bd8300101536abd99c85cca82da0bffff8d8764d08a"},
    {file = "scipy-1.16.2-cp313-cp313t-macosx_14_0_arm64.whl", hash = "sha256:7fe65b36036357003b3ef9d37547abeefaa353b237e989c21027b8ed62b12d4f"},
    {file = "scipy-1.16.2-cp313-cp313t-macosx_14_0_x86_64.whl", hash = "sha256:6406d2ac6d40b861cccf57f49592f9779071655e9f75cd4f977fa0bdd09cb2e4"},
    {file = "scipy-1.16.2-cp313-cp313t-manylinux2014_aarch64.manylinux_2_17_aarch64.whl", hash = "sha256:ff4dc42bd321991fbf611c23fc35912d690f731c9914bf3af8f417e64aca0f21"},
    {file = "scipy-1.16.2-cp313-cp313t-manylinux2014_x86_64.manylinux_2_17_x86_64.whl", hash = "sha256:654324826654d4d9133e10675325708fb954bc84dae6e9ad0a52e75c6b1a01d7"},
    {file = "scipy-1.16.2-cp313-cp313t-musllinux_1_2_aarch64.whl", hash = "sha256:63870a84cd15c44e65220eaed2dac0e8f8b26bbb991456a033c1d9abfe8a94f8"},
    {file = "scipy-1.16.2-cp313-cp313t-musllinux_1_2_x86_64.whl", hash = "sha256:fa01f0f6a3050fa6a9771a95d5faccc8e2f5a92b4a2e5440a0fa7264a2398472"},
    {file = "scipy-1.16.2-cp313-cp313t-win_amd64.whl", hash = "sha256:116296e89fba96f76353a8579820c2512f6e55835d3fad7780fece04367de351"},
    {file = "scipy-1.16.2-cp313-cp313t-win_arm64.whl", hash = "sha256:98e22834650be81d42982360382b43b17f7ba95e0e6993e2a4f5b9ad9283a94d"},
    {file = "scipy-1.16.2.tar.gz", hash = "sha256:af029b153d243a80afb6eabe40b0a07f8e35c9adc269c019f364ad747f826a6b"},
]

[[package]]
name = "setuptools"
version = "80.9.0"
requires_python = ">=3.9"
summary = "Easily download, build, install, upgrade, and uninstall Python packages"
groups = ["default"]
marker = "python_version >= \"3.12\" or platform_system == \"Linux\""
files = [
    {file = "setuptools-80.9.0-py3-none-any.whl", hash = "sha256:062d34222ad13e0cc312a4c02d73f059e86a4acbfbdea8f8f76b28c99f306922"},
    {file = "setuptools-80.9.0.tar.gz", hash = "sha256:f36b47402ecde768dbfafc46e8e4207b4360c654f1f3bb84475f0a28628fb19c"},
]

[[package]]
name = "sympy"
version = "1.14.0"
requires_python = ">=3.9"
summary = "Computer algebra system (CAS) in Python"
groups = ["default"]
dependencies = [
    "mpmath<1.4,>=1.1.0",
]
files = [
    {file = "sympy-1.14.0-py3-none-any.whl", hash = "sha256:e091cc3e99d2141a0ba2847328f5479b05d94a6635cb96148ccb3f34671bd8f5"},
    {file = "sympy-1.14.0.tar.gz", hash = "sha256:d3d3fe8df1e5a0b42f0e7bdf50541697dbe7d23746e894990c030e2b05e72517"},
]

[[package]]
name = "tifffile"
version = "2025.9.20"
requires_python = ">=3.11"
summary = "Read and write TIFF files"
groups = ["default"]
dependencies = [
    "numpy",
]
files = [
    {file = "tifffile-2025.9.20-py3-none-any.whl", hash = "sha256:549dda2f2c65cc63b3d946942b9b43c09ae50caaae0aa7ea3d91a915acd45444"},
    {file = "tifffile-2025.9.20.tar.gz", hash = "sha256:a0fed4c613ff728979cb6abfd40832b6f36dc9da8183e52840418a25a00552eb"},
]

[[package]]
name = "torch"
version = "2.8.0"
requires_python = ">=3.9.0"
summary = "Tensors and Dynamic neural networks in Python with strong GPU acceleration"
groups = ["default"]
dependencies = [
    "filelock",
    "fsspec",
    "jinja2",
    "networkx",
    "nvidia-cublas-cu12==12.9.1.4; platform_system == \"Linux\" and platform_machine == \"x86_64\"",
    "nvidia-cuda-cupti-cu12==12.9.79; platform_system == \"Linux\" and platform_machine == \"x86_64\"",
    "nvidia-cuda-nvrtc-cu12==12.9.86; platform_system == \"Linux\" and platform_machine == \"x86_64\"",
    "nvidia-cuda-runtime-cu12==12.9.79; platform_system == \"Linux\" and platform_machine == \"x86_64\"",
    "nvidia-cudnn-cu12==9.10.2.21; platform_system == \"Linux\" and platform_machine == \"x86_64\"",
    "nvidia-cufft-cu12==11.4.1.4; platform_system == \"Linux\" and platform_machine == \"x86_64\"",
    "nvidia-cufile-cu12==1.14.1.1; platform_system == \"Linux\" and platform_machine == \"x86_64\"",
    "nvidia-curand-cu12==10.3.10.19; platform_system == \"Linux\" and platform_machine == \"x86_64\"",
    "nvidia-cusolver-cu12==11.7.5.82; platform_system == \"Linux\" and platform_machine == \"x86_64\"",
    "nvidia-cusparse-cu12==12.5.10.65; platform_system == \"Linux\" and platform_machine == \"x86_64\"",
    "nvidia-cusparselt-cu12==0.7.1; platform_system == \"Linux\" and platform_machine == \"x86_64\"",
    "nvidia-nccl-cu12==2.27.3; platform_system == \"Linux\" and platform_machine == \"x86_64\"",
    "nvidia-nvjitlink-cu12==12.9.86; platform_system == \"Linux\" and platform_machine == \"x86_64\"",
    "nvidia-nvtx-cu12==12.9.79; platform_system == \"Linux\" and platform_machine == \"x86_64\"",
    "setuptools; python_version >= \"3.12\"",
    "sympy>=1.13.3",
    "triton==3.4.0; platform_system == \"Linux\"",
    "typing-extensions>=4.10.0",
]
files = [
    {file = "torch-2.8.0+cu129-cp313-cp313-manylinux_2_28_aarch64.whl", hash = "sha256:ad2d64316635e7ab06f6c973a252526d59a92a2045825c102f876914a72304d0"},
    {file = "torch-2.8.0+cu129-cp313-cp313-manylinux_2_28_x86_64.whl", hash = "sha256:563740167be2189b71530b503f0c8a8d7a8267dd49d4de6f9c5f1d23fbe237df"},
    {file = "torch-2.8.0+cu129-cp313-cp313-win_amd64.whl", hash = "sha256:2cef066f9759ff4d7868a8c3695aa60d9a878598acb3685bb1ef2fdac29dcd68"},
    {file = "torch-2.8.0+cu129-cp313-cp313t-manylinux_2_28_aarch64.whl", hash = "sha256:2982bf34249cbb38f1090e71ad7097a214a21023ccdc0413961986ab7d0396e6"},
    {file = "torch-2.8.0+cu129-cp313-cp313t-manylinux_2_28_x86_64.whl", hash = "sha256:6344260959ebcfa6dae458e1c4365195bcfdf00f4f1f1ad438cbaf50756829ed"},
    {file = "torch-2.8.0+cu129-cp313-cp313t-win_amd64.whl", hash = "sha256:9c0cd89e54ce44ce3208c5cf4163773b9cda0067e4b48cfcac56a4e04af52040"},
    {file = "torch-2.8.0-cp313-cp313-manylinux_2_28_aarch64.whl", hash = "sha256:2b2f96814e0345f5a5aed9bf9734efa913678ed19caf6dc2cddb7930672d6128"},
    {file = "torch-2.8.0-cp313-cp313-manylinux_2_28_x86_64.whl", hash = "sha256:65616ca8ec6f43245e1f5f296603e33923f4c30f93d65e103d9e50c25b35150b"},
    {file = "torch-2.8.0-cp313-cp313-win_amd64.whl", hash = "sha256:659df54119ae03e83a800addc125856effda88b016dfc54d9f65215c3975be16"},
    {file = "torch-2.8.0-cp313-cp313t-macosx_14_0_arm64.whl", hash = "sha256:1a62a1ec4b0498930e2543535cf70b1bef8c777713de7ceb84cd79115f553767"},
    {file = "torch-2.8.0-cp313-cp313t-manylinux_2_28_aarch64.whl", hash = "sha256:83c13411a26fac3d101fe8035a6b0476ae606deb8688e904e796a3534c197def"},
    {file = "torch-2.8.0-cp313-cp313t-manylinux_2_28_x86_64.whl", hash = "sha256:8f0a9d617a66509ded240add3754e462430a6c1fc5589f86c17b433dd808f97a"},
    {file = "torch-2.8.0-cp313-cp313t-win_amd64.whl", hash = "sha256:a7242b86f42be98ac674b88a4988643b9bc6145437ec8f048fea23f72feb5eca"},
    {file = "torch-2.8.0-cp313-none-macosx_11_0_arm64.whl", hash = "sha256:7b677e17f5a3e69fdef7eb3b9da72622f8d322692930297e4ccb52fefc6c8211"},
]

[[package]]
name = "torchvision"
version = "0.23.0"
requires_python = ">=3.9"
summary = "image and video datasets and models for torch deep learning"
groups = ["default"]
dependencies = [
    "numpy",
    "pillow!=8.3.*,>=5.3.0",
    "torch==2.8.0",
]
files = [
    {file = "torchvision-0.23.0+cu129-cp313-cp313-manylinux_2_28_x86_64.whl", hash = "sha256:04316e24ddd1cee3b301208811a9d7c4cfca5f566ea367f33bda059d8f0e012e"},
    {file = "torchvision-0.23.0+cu129-cp313-cp313-win_amd64.whl", hash = "sha256:a486a0cee466807a17749d0b916d52088343453dc911baa20f0f459b2fa43c9a"},
    {file = "torchvision-0.23.0+cu129-cp313-cp313t-manylinux_2_28_x86_64.whl", hash = "sha256:c718f6d2c0e61feed39763925eea3e1f42979f6b21e61276f487409168d9e352"},
    {file = "torchvision-0.23.0+cu129-cp313-cp313t-win_amd64.whl", hash = "sha256:8218c1f614972abb4710afde96d0f70b174b235f390e165e6fd4cdd5cee6d93d"},
    {file = "torchvision-0.23.0-cp313-cp313-macosx_11_0_arm64.whl", hash = "sha256:1c37e325e09a184b730c3ef51424f383ec5745378dc0eca244520aca29722600"},
    {file = "torchvision-0.23.0-cp313-cp313-manylinux_2_28_aarch64.whl", hash = "sha256:20f7e25a24f91d93d09398b80929dec805c4ee2f5527fad8eecd6e43dc5fd5d0"},
    {file = "torchvision-0.23.0-cp313-cp313-manylinux_2_28_aarch64.whl", hash = "sha256:2f7fd6c15f3697e80627b77934f77705f3bc0e98278b989b2655de01f6903e1d"},
    {file = "torchvision-0.23.0-cp313-cp313-manylinux_2_28_x86_64.whl", hash = "sha256:a76fafe113b2977be3a21bf78f115438c1f88631d7a87203acb3dd6ae55889e6"},
    {file = "torchvision-0.23.0-cp313-cp313-win_amd64.whl", hash = "sha256:07d069cb29691ff566e3b7f11f20d91044f079e1dbdc9d72e0655899a9b06938"},
    {file = "torchvision-0.23.0-cp313-cp313t-macosx_11_0_arm64.whl", hash = "sha256:2df618e1143805a7673aaf82cb5720dd9112d4e771983156aaf2ffff692eebf9"},
    {file = "torchvision-0.23.0-cp313-cp313t-manylinux_2_28_aarch64.whl", hash = "sha256:2a3299d2b1d5a7aed2d3b6ffb69c672ca8830671967eb1cee1497bacd82fe47b"},
    {file = "torchvision-0.23.0-cp313-cp313t-manylinux_2_28_aarch64.whl", hash = "sha256:cb70cc000e6a398270044c3406a89ee8ab6157a4e81b5d40c5904e1d0e22e2f8"},
    {file = "torchvision-0.23.0-cp313-cp313t-manylinux_2_28_x86_64.whl", hash = "sha256:76bc4c0b63d5114aa81281390f8472a12a6a35ce9906e67ea6044e5af4cab60c"},
    {file = "torchvision-0.23.0-cp313-cp313t-win_amd64.whl", hash = "sha256:b9e2dabf0da9c8aa9ea241afb63a8f3e98489e706b22ac3f30416a1be377153b"},
]

[[package]]
name = "tqdm"
version = "4.67.1"
requires_python = ">=3.7"
summary = "Fast, Extensible Progress Meter"
groups = ["default"]
dependencies = [
    "colorama; platform_system == \"Windows\"",
]
files = [
    {file = "tqdm-4.67.1-py3-none-any.whl", hash = "sha256:26445eca388f82e72884e0d580d5464cd801a3ea01e63e5601bdff9ba6a48de2"},
    {file = "tqdm-4.67.1.tar.gz", hash = "sha256:f8aef9c52c08c13a65f30ea34f4e5aac3fd1a34959879d7e59e63027286627f2"},
]

[[package]]
name = "triton"
version = "3.4.0"
requires_python = "<3.14,>=3.9"
summary = "A language and compiler for custom Deep Learning operations"
groups = ["default"]
marker = "platform_system == \"Linux\""
dependencies = [
    "importlib-metadata; python_version < \"3.10\"",
    "setuptools>=40.8.0",
]
files = [
    {file = "triton-3.4.0-cp313-cp313-manylinux_2_27_aarch64.manylinux_2_28_aarch64.whl", hash = "sha256:5acb528f01dc14362c4a88fa4dcfa227d132f6e61f272a6874e84d6485037ca4"},
    {file = "triton-3.4.0-cp313-cp313-manylinux_2_27_x86_64.manylinux_2_28_x86_64.whl", hash = "sha256:00be2964616f4c619193cb0d1b29a99bd4b001d7dc333816073f92cf2a8ccdeb"},
    {file = "triton-3.4.0-cp313-cp313-manylinux_2_27_x86_64.manylinux_2_28_x86_64.whl", hash = "sha256:0e582bfd8147afd0e17f410b39ee161df933a2aca9f653e1178daae98f87f601"},
    {file = "triton-3.4.0-cp313-cp313t-manylinux_2_27_aarch64.manylinux_2_28_aarch64.whl", hash = "sha256:40b5d803a83b5e70895424a51c3a1a23dcc0f158a79f682aaa2c940903e747b9"},
    {file = "triton-3.4.0-cp313-cp313t-manylinux_2_27_x86_64.manylinux_2_28_x86_64.whl", hash = "sha256:5f2f15de16fefacac008378919687c0ada6a867dcc0fe70a5d5a11240ae8b814"},
    {file = "triton-3.4.0-cp313-cp313t-manylinux_2_27_x86_64.manylinux_2_28_x86_64.whl", hash = "sha256:7936b18a3499ed62059414d7df563e6c163c5e16c3773678a3ee3d417865035d"},
]

[[package]]
name = "typing-extensions"
version = "4.15.0"
requires_python = ">=3.9"
summary = "Backported and Experimental Type Hints for Python 3.9+"
groups = ["default"]
files = [
    {file = "typing_extensions-4.15.0-py3-none-any.whl", hash = "sha256:f0fa19c6845758ab08074a0cfa8b7aecb71c999ca73d62883bc25cc018c4e548"},
    {file = "typing_extensions-4.15.0.tar.gz", hash = "sha256:0cea48d173cc12fa28ecabc3b837ea3cf6f38c6d1136f85cbaaf598984861466"},
]
